
Microsoft Visual Studio Solution File, Format Version 12.00
# Visual Studio Version 17
VisualStudioVersion = 17.4.33213.308
MinimumVisualStudioVersion = 10.0.40219.1
Project("{FAE04EC0-301F-11D3-BF4B-00C04F79EFBC}") = "MongoCRUD.WebApi", "MongoCRUD.WebApi\MongoCRUD.WebApi.csproj", "{57CB7C73-DA2D-456D-B4CA-DDF808C3ED6D}"
EndProject
Project("{FAE04EC0-301F-11D3-BF4B-00C04F79EFBC}") = "MongoCRUD.Domain", "MongoCRUD.Domain\MongoCRUD.Domain.csproj", "{0FDFC4E2-2020-4D9D-BF3F-5810042B66FA}"
EndProject
Project("{FAE04EC0-301F-11D3-BF4B-00C04F79EFBC}") = "MongoCRUD.Application", "MongoCRUD.Application\MongoCRUD.Application.csproj", "{25CB7D85-4200-4509-A41E-D1BE1193FC03}"
EndProject
Project("{FAE04EC0-301F-11D3-BF4B-00C04F79EFBC}") = "MongoCRUD.Infra.Data", "MongoCRUD.Infra.Data\MongoCRUD.Infra.Data.csproj", "{5E7CCA84-13ED-4242-9FFB-D02DE62FB094}"
EndProject
Project("{FAE04EC0-301F-11D3-BF4B-00C04F79EFBC}") = "MongoCRUD.Infra.CrossCutting.IoC", "MongoCRUD.Infra.CrossCutting.IoC\MongoCRUD.Infra.CrossCutting.IoC.csproj", "{D8646C91-94A9-4936-BDAB-A879925A6CA3}"
EndProject
Project("{2150E333-8FDC-42A3-9474-1A3956D46DE8}") = "1 - Web", "1 - Web", "{7354CB52-58A0-476C-9B93-F447E758AB2B}"
EndProject
Project("{2150E333-8FDC-42A3-9474-1A3956D46DE8}") = "2 - Application", "2 - Application", "{AE16A1B2-CA62-444E-BFD1-D07B72E7F256}"
EndProject
Project("{2150E333-8FDC-42A3-9474-1A3956D46DE8}") = "3 - Domain", "3 - Domain", "{55A848B0-5297-4E31-A689-4FFCBE294026}"
EndProject
Project("{2150E333-8FDC-42A3-9474-1A3956D46DE8}") = "4 - Infra", "4 - Infra", "{CC56327D-754E-4AB3-981C-2889568C6433}"
EndProject
Project("{2150E333-8FDC-42A3-9474-1A3956D46DE8}") = "4.1 - Data", "4.1 - Data", "{A8CB9B7C-A11B-440D-873F-422D772AC860}"
EndProject
Project("{2150E333-8FDC-42A3-9474-1A3956D46DE8}") = "4.2 - CrossCutting", "4.2 - CrossCutting", "{EEE9A485-2EFB-47E1-B2BB-3D062631DD63}"
EndProject
Project("{FAE04EC0-301F-11D3-BF4B-00C04F79EFBC}") = "MongoCRUD.Domain.Core", "MongoCRUD.Domain.Core\MongoCRUD.Domain.Core.csproj", "{41D18293-0E16-474D-91A5-2D61A1B00473}"
EndProject
Global
	GlobalSection(SolutionConfigurationPlatforms) = preSolution
		Debug|Any CPU = Debug|Any CPU
		Release|Any CPU = Release|Any CPU
	EndGlobalSection
	GlobalSection(ProjectConfigurationPlatforms) = postSolution
		{57CB7C73-DA2D-456D-B4CA-DDF808C3ED6D}.Debug|Any CPU.ActiveCfg = Debug|Any CPU
		{57CB7C73-DA2D-456D-B4CA-DDF808C3ED6D}.Debug|Any CPU.Build.0 = Debug|Any CPU
		{57CB7C73-DA2D-456D-B4CA-DDF808C3ED6D}.Release|Any CPU.ActiveCfg = Release|Any CPU
		{57CB7C73-DA2D-456D-B4CA-DDF808C3ED6D}.Release|Any CPU.Build.0 = Release|Any CPU
		{0FDFC4E2-2020-4D9D-BF3F-5810042B66FA}.Debug|Any CPU.ActiveCfg = Debug|Any CPU
		{0FDFC4E2-2020-4D9D-BF3F-5810042B66FA}.Debug|Any CPU.Build.0 = Debug|Any CPU
		{0FDFC4E2-2020-4D9D-BF3F-5810042B66FA}.Release|Any CPU.ActiveCfg = Release|Any CPU
		{0FDFC4E2-2020-4D9D-BF3F-5810042B66FA}.Release|Any CPU.Build.0 = Release|Any CPU
		{25CB7D85-4200-4509-A41E-D1BE1193FC03}.Debug|Any CPU.ActiveCfg = Debug|Any CPU
		{25CB7D85-4200-4509-A41E-D1BE1193FC03}.Debug|Any CPU.Build.0 = Debug|Any CPU
		{25CB7D85-4200-4509-A41E-D1BE1193FC03}.Release|Any CPU.ActiveCfg = Release|Any CPU
		{25CB7D85-4200-4509-A41E-D1BE1193FC03}.Release|Any CPU.Build.0 = Release|Any CPU
		{5E7CCA84-13ED-4242-9FFB-D02DE62FB094}.Debug|Any CPU.ActiveCfg = Debug|Any CPU
		{5E7CCA84-13ED-4242-9FFB-D02DE62FB094}.Debug|Any CPU.Build.0 = Debug|Any CPU
		{5E7CCA84-13ED-4242-9FFB-D02DE62FB094}.Release|Any CPU.ActiveCfg = Release|Any CPU
		{5E7CCA84-13ED-4242-9FFB-D02DE62FB094}.Release|Any CPU.Build.0 = Release|Any CPU
		{D8646C91-94A9-4936-BDAB-A879925A6CA3}.Debug|Any CPU.ActiveCfg = Debug|Any CPU
		{D8646C91-94A9-4936-BDAB-A879925A6CA3}.Debug|Any CPU.Build.0 = Debug|Any CPU
		{D8646C91-94A9-4936-BDAB-A879925A6CA3}.Release|Any CPU.ActiveCfg = Release|Any CPU
		{D8646C91-94A9-4936-BDAB-A879925A6CA3}.Release|Any CPU.Build.0 = Release|Any CPU
		{41D18293-0E16-474D-91A5-2D61A1B00473}.Debug|Any CPU.ActiveCfg = Debug|Any CPU
		{41D18293-0E16-474D-91A5-2D61A1B00473}.Debug|Any CPU.Build.0 = Debug|Any CPU
		{41D18293-0E16-474D-91A5-2D61A1B00473}.Release|Any CPU.ActiveCfg = Release|Any CPU
		{41D18293-0E16-474D-91A5-2D61A1B00473}.Release|Any CPU.Build.0 = Release|Any CPU
	EndGlobalSection
	GlobalSection(SolutionProperties) = preSolution
		HideSolutionNode = FALSE
	EndGlobalSection
	GlobalSection(NestedProjects) = preSolution
		{57CB7C73-DA2D-456D-B4CA-DDF808C3ED6D} = {7354CB52-58A0-476C-9B93-F447E758AB2B}
		{0FDFC4E2-2020-4D9D-BF3F-5810042B66FA} = {55A848B0-5297-4E31-A689-4FFCBE294026}
		{25CB7D85-4200-4509-A41E-D1BE1193FC03} = {AE16A1B2-CA62-444E-BFD1-D07B72E7F256}
		{5E7CCA84-13ED-4242-9FFB-D02DE62FB094} = {A8CB9B7C-A11B-440D-873F-422D772AC860}
		{D8646C91-94A9-4936-BDAB-A879925A6CA3} = {EEE9A485-2EFB-47E1-B2BB-3D062631DD63}
		{A8CB9B7C-A11B-440D-873F-422D772AC860} = {CC56327D-754E-4AB3-981C-2889568C6433}
		{EEE9A485-2EFB-47E1-B2BB-3D062631DD63} = {CC56327D-754E-4AB3-981C-2889568C6433}
		{41D18293-0E16-474D-91A5-2D61A1B00473} = {55A848B0-5297-4E31-A689-4FFCBE294026}
	EndGlobalSection
	GlobalSection(ExtensibilityGlobals) = postSolution
		SolutionGuid = {2A5466F2-A163-4525-8DCD-2276FF580BA9}
	EndGlobalSection
EndGlobal
